
Microsoft Visual Studio Solution File, Format Version 12.00
# Visual Studio 15
VisualStudioVersion = 15.0.28307.757
MinimumVisualStudioVersion = 10.0.40219.1
Project("{9A19103F-16F7-4668-BE54-9A1E7A4F7556}") = "Api", "Api\Api.csproj", "{30F425E0-3502-4ED4-8078-2CC4C1A34C90}"
EndProject
Project("{9A19103F-16F7-4668-BE54-9A1E7A4F7556}") = "Core", "Core\Core.csproj", "{6CF3FD89-C72E-467B-B450-9176E5CCB894}"
EndProject
Project("{9A19103F-16F7-4668-BE54-9A1E7A4F7556}") = "Controllers", "Controllers\Controllers.csproj", "{BC31D6FF-4141-462F-AA22-0ACF8940E4D2}"
EndProject
Project("{9A19103F-16F7-4668-BE54-9A1E7A4F7556}") = "Service", "Service\Service.csproj", "{18C7C4B5-CE1A-4D78-A261-A861B3DB47E2}"
EndProject
Project("{9A19103F-16F7-4668-BE54-9A1E7A4F7556}") = "LoggerFunctions.Test", "LoggerFunctions.Test\LoggerFunctions.Test.csproj", "{E497FD19-B472-44BE-BAAF-203992452183}"
EndProject
Global
	GlobalSection(SolutionConfigurationPlatforms) = preSolution
		Debug|Any CPU = Debug|Any CPU
		Release|Any CPU = Release|Any CPU
	EndGlobalSection
	GlobalSection(ProjectConfigurationPlatforms) = postSolution
		{30F425E0-3502-4ED4-8078-2CC4C1A34C90}.Debug|Any CPU.ActiveCfg = Debug|Any CPU
		{30F425E0-3502-4ED4-8078-2CC4C1A34C90}.Debug|Any CPU.Build.0 = Debug|Any CPU
		{30F425E0-3502-4ED4-8078-2CC4C1A34C90}.Release|Any CPU.ActiveCfg = Release|Any CPU
		{30F425E0-3502-4ED4-8078-2CC4C1A34C90}.Release|Any CPU.Build.0 = Release|Any CPU
		{6CF3FD89-C72E-467B-B450-9176E5CCB894}.Debug|Any CPU.ActiveCfg = Debug|Any CPU
		{6CF3FD89-C72E-467B-B450-9176E5CCB894}.Debug|Any CPU.Build.0 = Debug|Any CPU
		{6CF3FD89-C72E-467B-B450-9176E5CCB894}.Release|Any CPU.ActiveCfg = Release|Any CPU
		{6CF3FD89-C72E-467B-B450-9176E5CCB894}.Release|Any CPU.Build.0 = Release|Any CPU
		{BC31D6FF-4141-462F-AA22-0ACF8940E4D2}.Debug|Any CPU.ActiveCfg = Debug|Any CPU
		{BC31D6FF-4141-462F-AA22-0ACF8940E4D2}.Debug|Any CPU.Build.0 = Debug|Any CPU
		{BC31D6FF-4141-462F-AA22-0ACF8940E4D2}.Release|Any CPU.ActiveCfg = Release|Any CPU
		{BC31D6FF-4141-462F-AA22-0ACF8940E4D2}.Release|Any CPU.Build.0 = Release|Any CPU
		{18C7C4B5-CE1A-4D78-A261-A861B3DB47E2}.Debug|Any CPU.ActiveCfg = Debug|Any CPU
		{18C7C4B5-CE1A-4D78-A261-A861B3DB47E2}.Debug|Any CPU.Build.0 = Debug|Any CPU
		{18C7C4B5-CE1A-4D78-A261-A861B3DB47E2}.Release|Any CPU.ActiveCfg = Release|Any CPU
		{18C7C4B5-CE1A-4D78-A261-A861B3DB47E2}.Release|Any CPU.Build.0 = Release|Any CPU
		{E497FD19-B472-44BE-BAAF-203992452183}.Debug|Any CPU.ActiveCfg = Debug|Any CPU
		{E497FD19-B472-44BE-BAAF-203992452183}.Debug|Any CPU.Build.0 = Debug|Any CPU
		{E497FD19-B472-44BE-BAAF-203992452183}.Release|Any CPU.ActiveCfg = Release|Any CPU
		{E497FD19-B472-44BE-BAAF-203992452183}.Release|Any CPU.Build.0 = Release|Any CPU
	EndGlobalSection
	GlobalSection(SolutionProperties) = preSolution
		HideSolutionNode = FALSE
	EndGlobalSection
	GlobalSection(ExtensibilityGlobals) = postSolution
		SolutionGuid = {8B846827-2A78-4E1B-AD20-13ECC332D988}
	EndGlobalSection
EndGlobal
